{
  "name": "@kurai-io/mobx-base-controller",
  "version": "0.0.4",
  "lockfileVersion": 3,
  "requires": true,
  "packages": {
    "": {
      "name": "@kurai-io/mobx-base-controller",
      "version": "0.0.4",
      "license": "MIT",
      "dependencies": {
        "mobx": "^6.12.1"
      },
      "devDependencies": {
        "tsc": "^2.0.4",
        "typescript": "^5.4.2"
      }
    },
    "node_modules/mobx": {
      "version": "6.12.1",
      "resolved": "https://registry.npmjs.org/mobx/-/mobx-6.12.1.tgz",
      "integrity": "sha512-HN5/fmWCnePVI4u3Y487x3G0LIQ+qnQjowylhVxXPvBmbwottKm8R7GrsYAqljzekZUj+LoBcAUp3l8/3EPCGQ==",
      "funding": {
        "type": "opencollective",
        "url": "https://opencollective.com/mobx"
      }
    },
    "node_modules/tsc": {
      "version": "2.0.4",
      "resolved": "https://registry.npmjs.org/tsc/-/tsc-2.0.4.tgz",
      "integrity": "sha512-fzoSieZI5KKJVBYGvwbVZs/J5za84f2lSTLPYf6AGiIf43tZ3GNrI1QzTLcjtyDDP4aLxd46RTZq1nQxe7+k5Q==",
      "dev": true,
      "bin": {
        "tsc": "bin/tsc"
      }
    },
    "node_modules/typescript": {
      "version": "5.4.3",
      "resolved": "https://registry.npmjs.org/typescript/-/typescript-5.4.3.tgz",
      "integrity": "sha512-KrPd3PKaCLr78MalgiwJnA25Nm8HAmdwN3mYUYZgG/wizIo9EainNVQI9/yDavtVFRN2h3k8uf3GLHuhDMgEHg==",
      "dev": true,
      "bin": {
        "tsc": "bin/tsc",
        "tsserver": "bin/tsserver"
      },
      "engines": {
        "node": ">=14.17"
      }
    }
  }
}
